
Microsoft Visual Studio Solution File, Format Version 12.00
# Visual Studio Version 17
VisualStudioVersion = 17.0.31919.166
MinimumVisualStudioVersion = 10.0.40219.1
Project("{888888A0-9F3D-457C-B088-3A5042F75D52}") = "KMS2", "KMS2\KMS2.pyproj", "{90D46491-3A70-4007-8FAD-8CD521C807DA}"
EndProject
Global
	GlobalSection(SolutionConfigurationPlatforms) = preSolution
		Debug|Any CPU = Debug|Any CPU
		Release|Any CPU = Release|Any CPU
	EndGlobalSection
	GlobalSection(ProjectConfigurationPlatforms) = postSolution
		{90D46491-3A70-4007-8FAD-8CD521C807DA}.Debug|Any CPU.ActiveCfg = Debug|Any CPU
		{90D46491-3A70-4007-8FAD-8CD521C807DA}.Release|Any CPU.ActiveCfg = Release|Any CPU
	EndGlobalSection
	GlobalSection(SolutionProperties) = preSolution
		HideSolutionNode = FALSE
	EndGlobalSection
	GlobalSection(ExtensibilityGlobals) = postSolution
		SolutionGuid = {8EF0A0B3-96C6-416E-A30D-BDAFE211CA53}
	EndGlobalSection
EndGlobal
